
Microsoft Visual Studio Solution File, Format Version 12.00
# Visual Studio 15
VisualStudioVersion = 15.0.28010.2046
MinimumVisualStudioVersion = 10.0.40219.1
Project("{FAE04EC0-301F-11D3-BF4B-00C04F79EFBC}") = "HuOa", "HuOa\HuOa.csproj", "{B17862BD-9280-4CFE-8792-B7952F4D268A}"
EndProject
Global
	GlobalSection(SolutionConfigurationPlatforms) = preSolution
		Debug|Any CPU = Debug|Any CPU
		Release|Any CPU = Release|Any CPU
	EndGlobalSection
	GlobalSection(ProjectConfigurationPlatforms) = postSolution
		{B17862BD-9280-4CFE-8792-B7952F4D268A}.Debug|Any CPU.ActiveCfg = Debug|Any CPU
		{B17862BD-9280-4CFE-8792-B7952F4D268A}.Debug|Any CPU.Build.0 = Debug|Any CPU
		{B17862BD-9280-4CFE-8792-B7952F4D268A}.Release|Any CPU.ActiveCfg = Release|Any CPU
		{B17862BD-9280-4CFE-8792-B7952F4D268A}.Release|Any CPU.Build.0 = Release|Any CPU
	EndGlobalSection
	GlobalSection(SolutionProperties) = preSolution
		HideSolutionNode = FALSE
	EndGlobalSection
	GlobalSection(ExtensibilityGlobals) = postSolution
		SolutionGuid = {0A2F45BB-05C6-4A22-BB09-9AD54EFC1044}
	EndGlobalSection
EndGlobal
